
Microsoft Visual Studio Solution File, Format Version 12.00
# Visual Studio Version 17
VisualStudioVersion = 17.7.34031.279
MinimumVisualStudioVersion = 10.0.40219.1
Project("{FAE04EC0-301F-11D3-BF4B-00C04F79EFBC}") = "Tetris", "Tetris\Tetris.csproj", "{24E8AF38-6D76-48C0-A046-304F982CEC5C}"
EndProject
Project("{FAE04EC0-301F-11D3-BF4B-00C04F79EFBC}") = "UnitTestTet", "UnitTestTet\UnitTestTet.csproj", "{263CE515-93C3-4F8F-B769-07D6E07EF6A7}"
EndProject
Global
	GlobalSection(SolutionConfigurationPlatforms) = preSolution
		Debug|Any CPU = Debug|Any CPU
		Release|Any CPU = Release|Any CPU
	EndGlobalSection
	GlobalSection(ProjectConfigurationPlatforms) = postSolution
		{24E8AF38-6D76-48C0-A046-304F982CEC5C}.Debug|Any CPU.ActiveCfg = Debug|Any CPU
		{24E8AF38-6D76-48C0-A046-304F982CEC5C}.Debug|Any CPU.Build.0 = Debug|Any CPU
		{24E8AF38-6D76-48C0-A046-304F982CEC5C}.Release|Any CPU.ActiveCfg = Release|Any CPU
		{24E8AF38-6D76-48C0-A046-304F982CEC5C}.Release|Any CPU.Build.0 = Release|Any CPU
		{263CE515-93C3-4F8F-B769-07D6E07EF6A7}.Debug|Any CPU.ActiveCfg = Debug|Any CPU
		{263CE515-93C3-4F8F-B769-07D6E07EF6A7}.Debug|Any CPU.Build.0 = Debug|Any CPU
		{263CE515-93C3-4F8F-B769-07D6E07EF6A7}.Release|Any CPU.ActiveCfg = Release|Any CPU
		{263CE515-93C3-4F8F-B769-07D6E07EF6A7}.Release|Any CPU.Build.0 = Release|Any CPU
	EndGlobalSection
	GlobalSection(SolutionProperties) = preSolution
		HideSolutionNode = FALSE
	EndGlobalSection
	GlobalSection(ExtensibilityGlobals) = postSolution
		SolutionGuid = {8E7A94C0-EFCF-4AC2-9BDF-E5B488A62470}
	EndGlobalSection
EndGlobal
